
Microsoft Visual Studio Solution File, Format Version 12.00
Project("{FAE04EC0-301F-11D3-BF4B-00C04F79EFBC}") = "AsyncResearch", "AsyncResearch.csproj", "{CC352E72-2158-4FB6-9C64-716EBB8DD48F}"
EndProject
Global
	GlobalSection(SolutionConfigurationPlatforms) = preSolution
		Debug|Any CPU = Debug|Any CPU
		Release|Any CPU = Release|Any CPU
	EndGlobalSection
	GlobalSection(ProjectConfigurationPlatforms) = postSolution
		{CC352E72-2158-4FB6-9C64-716EBB8DD48F}.Debug|Any CPU.ActiveCfg = Debug|Any CPU
		{CC352E72-2158-4FB6-9C64-716EBB8DD48F}.Debug|Any CPU.Build.0 = Debug|Any CPU
		{CC352E72-2158-4FB6-9C64-716EBB8DD48F}.Release|Any CPU.ActiveCfg = Release|Any CPU
		{CC352E72-2158-4FB6-9C64-716EBB8DD48F}.Release|Any CPU.Build.0 = Release|Any CPU
	EndGlobalSection
EndGlobal
